
Microsoft Visual Studio Solution File, Format Version 12.00
# Visual Studio Version 17
VisualStudioVersion = 17.11.35222.181
MinimumVisualStudioVersion = 10.0.40219.1
Project("{FAE04EC0-301F-11D3-BF4B-00C04F79EFBC}") = "SecureJWT", "SecureJWT.csproj", "{68B3FECB-5DCC-4939-9430-4D44D51B6754}"
EndProject
Global
	GlobalSection(SolutionConfigurationPlatforms) = preSolution
		Debug|Any CPU = Debug|Any CPU
		Release|Any CPU = Release|Any CPU
	EndGlobalSection
	GlobalSection(ProjectConfigurationPlatforms) = postSolution
		{68B3FECB-5DCC-4939-9430-4D44D51B6754}.Debug|Any CPU.ActiveCfg = Debug|Any CPU
		{68B3FECB-5DCC-4939-9430-4D44D51B6754}.Debug|Any CPU.Build.0 = Debug|Any CPU
		{68B3FECB-5DCC-4939-9430-4D44D51B6754}.Release|Any CPU.ActiveCfg = Release|Any CPU
		{68B3FECB-5DCC-4939-9430-4D44D51B6754}.Release|Any CPU.Build.0 = Release|Any CPU
	EndGlobalSection
	GlobalSection(SolutionProperties) = preSolution
		HideSolutionNode = FALSE
	EndGlobalSection
	GlobalSection(ExtensibilityGlobals) = postSolution
		SolutionGuid = {7F3FFE53-F3A7-47A9-AB67-BF47B2F49120}
	EndGlobalSection
EndGlobal
